// !$*UTF8*$!
{
	archiveVersion = 1;
	classes = {
	};
	objectVersion = 51;
	objects = {

/* Begin PBXBuildFile section */
		0150D103E5E9A8D479F436B0 /* Pods_golfApp.framework in Frameworks */ = {isa = PBXBuildFile; fileRef = F719F261AEC81BD58FA14E11 /* Pods_golfApp.framework */; };
		523FE02C20816E6400EE0E52 /* AppDelegate.swift in Sources */ = {isa = PBXBuildFile; fileRef = 523FE02B20816E6400EE0E52 /* AppDelegate.swift */; };
		523FE03120816E6500EE0E52 /* Main.storyboard in Resources */ = {isa = PBXBuildFile; fileRef = 523FE02F20816E6400EE0E52 /* Main.storyboard */; };
		523FE03420816E6500EE0E52 /* golfApp.xcdatamodeld in Sources */ = {isa = PBXBuildFile; fileRef = 523FE03220816E6500EE0E52 /* golfApp.xcdatamodeld */; };
		523FE03620816E6500EE0E52 /* Assets.xcassets in Resources */ = {isa = PBXBuildFile; fileRef = 523FE03520816E6500EE0E52 /* Assets.xcassets */; };
		523FE03920816E6500EE0E52 /* LaunchScreen.storyboard in Resources */ = {isa = PBXBuildFile; fileRef = 523FE03720816E6500EE0E52 /* LaunchScreen.storyboard */; };
		523FE0472081874300EE0E52 /* HomeViewController.swift in Sources */ = {isa = PBXBuildFile; fileRef = 523FE0462081874300EE0E52 /* HomeViewController.swift */; };
		523FE0492081878800EE0E52 /* holeViewController.swift in Sources */ = {isa = PBXBuildFile; fileRef = 523FE0482081878800EE0E52 /* holeViewController.swift */; };
		524AD7DE2283572600CA261E /* Round+CoreDataClass.swift in Sources */ = {isa = PBXBuildFile; fileRef = 524AD7DA2283572600CA261E /* Round+CoreDataClass.swift */; };
		524AD7DF2283572600CA261E /* Round+CoreDataProperties.swift in Sources */ = {isa = PBXBuildFile; fileRef = 524AD7DB2283572600CA261E /* Round+CoreDataProperties.swift */; };
		524AD7E02283572600CA261E /* Hole+CoreDataClass.swift in Sources */ = {isa = PBXBuildFile; fileRef = 524AD7DC2283572600CA261E /* Hole+CoreDataClass.swift */; };
		524AD7E12283572600CA261E /* Hole+CoreDataProperties.swift in Sources */ = {isa = PBXBuildFile; fileRef = 524AD7DD2283572600CA261E /* Hole+CoreDataProperties.swift */; };
		5250F707228270DE00F409B4 /* priorRoundHoleViewCell.swift in Sources */ = {isa = PBXBuildFile; fileRef = 5250F706228270DE00F409B4 /* priorRoundHoleViewCell.swift */; };
		52526ED821C1D4AD00E5AAEB /* Course.swift in Sources */ = {isa = PBXBuildFile; fileRef = 52526ED721C1D4AD00E5AAEB /* Course.swift */; };
		52526EDD21C4593400E5AAEB /* emerald.json in Resources */ = {isa = PBXBuildFile; fileRef = 52526EDB21C4593300E5AAEB /* emerald.json */; };
		52526EDE21C4593400E5AAEB /* kish.json in Resources */ = {isa = PBXBuildFile; fileRef = 52526EDC21C4593400E5AAEB /* kish.json */; };
		5275E4122083DC58007CA25E /* endRoundViewController.swift in Sources */ = {isa = PBXBuildFile; fileRef = 5275E4112083DC58007CA25E /* endRoundViewController.swift */; };
		5275E44420846572007CA25E /* priorRoundsViewController.swift in Sources */ = {isa = PBXBuildFile; fileRef = 5275E44320846572007CA25E /* priorRoundsViewController.swift */; };
		5275E44620846E38007CA25E /* RoundTableViewCell.swift in Sources */ = {isa = PBXBuildFile; fileRef = 5275E44520846E38007CA25E /* RoundTableViewCell.swift */; };
		5275E4482084EFC7007CA25E /* RoundDetailViewController.swift in Sources */ = {isa = PBXBuildFile; fileRef = 5275E4472084EFC7007CA25E /* RoundDetailViewController.swift */; };
		52FE9BA521F27A0700C4D8CE /* sycamore.json in Resources */ = {isa = PBXBuildFile; fileRef = 52FE9BA421F27A0700C4D8CE /* sycamore.json */; };
/* End PBXBuildFile section */

/* Begin PBXFileReference section */
		36CCEFE9A2835424942E2DEC /* Pods-golfApp.release.xcconfig */ = {isa = PBXFileReference; includeInIndex = 1; lastKnownFileType = text.xcconfig; name = "Pods-golfApp.release.xcconfig"; path = "Pods/Target Support Files/Pods-golfApp/Pods-golfApp.release.xcconfig"; sourceTree = "<group>"; };
		5176AB91F72081EDB7600F5E /* Pods-golfApp.debug.xcconfig */ = {isa = PBXFileReference; includeInIndex = 1; lastKnownFileType = text.xcconfig; name = "Pods-golfApp.debug.xcconfig"; path = "Pods/Target Support Files/Pods-golfApp/Pods-golfApp.debug.xcconfig"; sourceTree = "<group>"; };
		523FE02820816E6400EE0E52 /* golfApp.app */ = {isa = PBXFileReference; explicitFileType = wrapper.application; includeInIndex = 0; path = golfApp.app; sourceTree = BUILT_PRODUCTS_DIR; };
		523FE02B20816E6400EE0E52 /* AppDelegate.swift */ = {isa = PBXFileReference; lastKnownFileType = sourcecode.swift; path = AppDelegate.swift; sourceTree = "<group>"; };
		523FE03020816E6400EE0E52 /* Base */ = {isa = PBXFileReference; lastKnownFileType = file.storyboard; name = Base; path = Base.lproj/Main.storyboard; sourceTree = "<group>"; };
		523FE03320816E6500EE0E52 /* golfApp.xcdatamodel */ = {isa = PBXFileReference; lastKnownFileType = wrapper.xcdatamodel; path = golfApp.xcdatamodel; sourceTree = "<group>"; };
		523FE03520816E6500EE0E52 /* Assets.xcassets */ = {isa = PBXFileReference; lastKnownFileType = folder.assetcatalog; path = Assets.xcassets; sourceTree = "<group>"; };
		523FE03820816E6500EE0E52 /* Base */ = {isa = PBXFileReference; lastKnownFileType = file.storyboard; name = Base; path = Base.lproj/LaunchScreen.storyboard; sourceTree = "<group>"; };
		523FE03A20816E6500EE0E52 /* Info.plist */ = {isa = PBXFileReference; lastKnownFileType = text.plist.xml; path = Info.plist; sourceTree = "<group>"; };
		523FE0462081874300EE0E52 /* HomeViewController.swift */ = {isa = PBXFileReference; lastKnownFileType = sourcecode.swift; path = HomeViewController.swift; sourceTree = "<group>"; };
		523FE0482081878800EE0E52 /* holeViewController.swift */ = {isa = PBXFileReference; lastKnownFileType = sourcecode.swift; path = holeViewController.swift; sourceTree = "<group>"; };
		524AD7DA2283572600CA261E /* Round+CoreDataClass.swift */ = {isa = PBXFileReference; lastKnownFileType = sourcecode.swift; path = "Round+CoreDataClass.swift"; sourceTree = "<group>"; };
		524AD7DB2283572600CA261E /* Round+CoreDataProperties.swift */ = {isa = PBXFileReference; lastKnownFileType = sourcecode.swift; path = "Round+CoreDataProperties.swift"; sourceTree = "<group>"; };
		524AD7DC2283572600CA261E /* Hole+CoreDataClass.swift */ = {isa = PBXFileReference; lastKnownFileType = sourcecode.swift; path = "Hole+CoreDataClass.swift"; sourceTree = "<group>"; };
		524AD7DD2283572600CA261E /* Hole+CoreDataProperties.swift */ = {isa = PBXFileReference; lastKnownFileType = sourcecode.swift; path = "Hole+CoreDataProperties.swift"; sourceTree = "<group>"; };
		5250F706228270DE00F409B4 /* priorRoundHoleViewCell.swift */ = {isa = PBXFileReference; lastKnownFileType = sourcecode.swift; path = priorRoundHoleViewCell.swift; sourceTree = "<group>"; };
		52526ED721C1D4AD00E5AAEB /* Course.swift */ = {isa = PBXFileReference; lastKnownFileType = sourcecode.swift; path = Course.swift; sourceTree = "<group>"; };
		52526EDB21C4593300E5AAEB /* emerald.json */ = {isa = PBXFileReference; fileEncoding = 4; lastKnownFileType = text.json; path = emerald.json; sourceTree = "<group>"; };
		52526EDC21C4593400E5AAEB /* kish.json */ = {isa = PBXFileReference; fileEncoding = 4; lastKnownFileType = text.json; path = kish.json; sourceTree = "<group>"; };
		5275E4112083DC58007CA25E /* endRoundViewController.swift */ = {isa = PBXFileReference; lastKnownFileType = sourcecode.swift; path = endRoundViewController.swift; sourceTree = "<group>"; };
		5275E44320846572007CA25E /* priorRoundsViewController.swift */ = {isa = PBXFileReference; lastKnownFileType = sourcecode.swift; path = priorRoundsViewController.swift; sourceTree = "<group>"; };
		5275E44520846E38007CA25E /* RoundTableViewCell.swift */ = {isa = PBXFileReference; lastKnownFileType = sourcecode.swift; path = RoundTableViewCell.swift; sourceTree = "<group>"; };
		5275E4472084EFC7007CA25E /* RoundDetailViewController.swift */ = {isa = PBXFileReference; lastKnownFileType = sourcecode.swift; path = RoundDetailViewController.swift; sourceTree = "<group>"; };
		52FE9BA421F27A0700C4D8CE /* sycamore.json */ = {isa = PBXFileReference; lastKnownFileType = text.json; path = sycamore.json; sourceTree = "<group>"; };
		F719F261AEC81BD58FA14E11 /* Pods_golfApp.framework */ = {isa = PBXFileReference; explicitFileType = wrapper.framework; includeInIndex = 0; path = Pods_golfApp.framework; sourceTree = BUILT_PRODUCTS_DIR; };
/* End PBXFileReference section */

/* Begin PBXFrameworksBuildPhase section */
		523FE02520816E6400EE0E52 /* Frameworks */ = {
			isa = PBXFrameworksBuildPhase;
			buildActionMask = 2147483647;
			files = (
				0150D103E5E9A8D479F436B0 /* Pods_golfApp.framework in Frameworks */,
			);
			runOnlyForDeploymentPostprocessing = 0;
		};
/* End PBXFrameworksBuildPhase section */

/* Begin PBXGroup section */
		159E8E1F23560D1A03A2EEB0 /* Frameworks */ = {
			isa = PBXGroup;
			children = (
				F719F261AEC81BD58FA14E11 /* Pods_golfApp.framework */,
			);
			name = Frameworks;
			sourceTree = "<group>";
		};
		523FE01F20816E6400EE0E52 = {
			isa = PBXGroup;
			children = (
				523FE02A20816E6400EE0E52 /* golfApp */,
				523FE02920816E6400EE0E52 /* Products */,
				97C9ACDC1B38B1BE289C30EE /* Pods */,
				159E8E1F23560D1A03A2EEB0 /* Frameworks */,
			);
			sourceTree = "<group>";
		};
		523FE02920816E6400EE0E52 /* Products */ = {
			isa = PBXGroup;
			children = (
				523FE02820816E6400EE0E52 /* golfApp.app */,
			);
			name = Products;
			sourceTree = "<group>";
		};
		523FE02A20816E6400EE0E52 /* golfApp */ = {
			isa = PBXGroup;
			children = (
				524AD7DA2283572600CA261E /* Round+CoreDataClass.swift */,
				524AD7DB2283572600CA261E /* Round+CoreDataProperties.swift */,
				524AD7DC2283572600CA261E /* Hole+CoreDataClass.swift */,
				524AD7DD2283572600CA261E /* Hole+CoreDataProperties.swift */,
				523FE0482081878800EE0E52 /* holeViewController.swift */,
				52526ED721C1D4AD00E5AAEB /* Course.swift */,
				5275E44520846E38007CA25E /* RoundTableViewCell.swift */,
				523FE0462081874300EE0E52 /* HomeViewController.swift */,
				523FE02B20816E6400EE0E52 /* AppDelegate.swift */,
				523FE02F20816E6400EE0E52 /* Main.storyboard */,
				5275E4472084EFC7007CA25E /* RoundDetailViewController.swift */,
				5250F706228270DE00F409B4 /* priorRoundHoleViewCell.swift */,
				5275E44320846572007CA25E /* priorRoundsViewController.swift */,
				52526EDB21C4593300E5AAEB /* emerald.json */,
				52FE9BA421F27A0700C4D8CE /* sycamore.json */,
				52526EDC21C4593400E5AAEB /* kish.json */,
				5275E4112083DC58007CA25E /* endRoundViewController.swift */,
				523FE03520816E6500EE0E52 /* Assets.xcassets */,
				523FE03720816E6500EE0E52 /* LaunchScreen.storyboard */,
				523FE03A20816E6500EE0E52 /* Info.plist */,
				523FE03220816E6500EE0E52 /* golfApp.xcdatamodeld */,
			);
			path = golfApp;
			sourceTree = "<group>";
		};
		97C9ACDC1B38B1BE289C30EE /* Pods */ = {
			isa = PBXGroup;
			children = (
				5176AB91F72081EDB7600F5E /* Pods-golfApp.debug.xcconfig */,
				36CCEFE9A2835424942E2DEC /* Pods-golfApp.release.xcconfig */,
			);
			name = Pods;
			sourceTree = "<group>";
		};
/* End PBXGroup section */

/* Begin PBXNativeTarget section */
		523FE02720816E6400EE0E52 /* golfApp */ = {
			isa = PBXNativeTarget;
			buildConfigurationList = 523FE03D20816E6500EE0E52 /* Build configuration list for PBXNativeTarget "golfApp" */;
			buildPhases = (
				C2CDF2F139882898AA3C9A2F /* [CP] Check Pods Manifest.lock */,
				523FE02420816E6400EE0E52 /* Sources */,
				523FE02520816E6400EE0E52 /* Frameworks */,
				523FE02620816E6400EE0E52 /* Resources */,
				F3CEE2203EBAA09F9C47F067 /* [CP] Embed Pods Frameworks */,
			);
			buildRules = (
			);
			dependencies = (
			);
			name = golfApp;
			productName = golfApp;
			productReference = 523FE02820816E6400EE0E52 /* golfApp.app */;
			productType = "com.apple.product-type.application";
		};
/* End PBXNativeTarget section */

/* Begin PBXProject section */
		523FE02020816E6400EE0E52 /* Project object */ = {
			isa = PBXProject;
			attributes = {
				LastSwiftUpdateCheck = 0930;
				LastUpgradeCheck = 0930;
				ORGANIZATIONNAME = John;
				TargetAttributes = {
					523FE02720816E6400EE0E52 = {
						CreatedOnToolsVersion = 9.3;
						LastSwiftMigration = 1130;
					};
				};
			};
			buildConfigurationList = 523FE02320816E6400EE0E52 /* Build configuration list for PBXProject "golfApp" */;
			compatibilityVersion = "Xcode 9.3";
			developmentRegion = en;
			hasScannedForEncodings = 0;
			knownRegions = (
				en,
				Base,
			);
			mainGroup = 523FE01F20816E6400EE0E52;
			productRefGroup = 523FE02920816E6400EE0E52 /* Products */;
			projectDirPath = "";
			projectRoot = "";
			targets = (
				523FE02720816E6400EE0E52 /* golfApp */,
			);
		};
/* End PBXProject section */

/* Begin PBXResourcesBuildPhase section */
		523FE02620816E6400EE0E52 /* Resources */ = {
			isa = PBXResourcesBuildPhase;
			buildActionMask = 2147483647;
			files = (
				52FE9BA521F27A0700C4D8CE /* sycamore.json in Resources */,
				523FE03920816E6500EE0E52 /* LaunchScreen.storyboard in Resources */,
				52526EDD21C4593400E5AAEB /* emerald.json in Resources */,
				523FE03620816E6500EE0E52 /* Assets.xcassets in Resources */,
				52526EDE21C4593400E5AAEB /* kish.json in Resources */,
				523FE03120816E6500EE0E52 /* Main.storyboard in Resources */,
			);
			runOnlyForDeploymentPostprocessing = 0;
		};
/* End PBXResourcesBuildPhase section */

/* Begin PBXShellScriptBuildPhase section */
		C2CDF2F139882898AA3C9A2F /* [CP] Check Pods Manifest.lock */ = {
			isa = PBXShellScriptBuildPhase;
			buildActionMask = 2147483647;
			files = (
			);
			inputPaths = (
				"${PODS_PODFILE_DIR_PATH}/Podfile.lock",
				"${PODS_ROOT}/Manifest.lock",
			);
			name = "[CP] Check Pods Manifest.lock";
			outputPaths = (
				"$(DERIVED_FILE_DIR)/Pods-golfApp-checkManifestLockResult.txt",
			);
			runOnlyForDeploymentPostprocessing = 0;
			shellPath = /bin/sh;
			shellScript = "diff \"${PODS_PODFILE_DIR_PATH}/Podfile.lock\" \"${PODS_ROOT}/Manifest.lock\" > /dev/null\nif [ $? != 0 ] ; then\n    # print error to STDERR\n    echo \"error: The sandbox is not in sync with the Podfile.lock. Run 'pod install' or update your CocoaPods installation.\" >&2\n    exit 1\nfi\n# This output is used by Xcode 'outputs' to avoid re-running this script phase.\necho \"SUCCESS\" > \"${SCRIPT_OUTPUT_FILE_0}\"\n";
			showEnvVarsInLog = 0;
		};
		F3CEE2203EBAA09F9C47F067 /* [CP] Embed Pods Frameworks */ = {
			isa = PBXShellScriptBuildPhase;
			buildActionMask = 2147483647;
			files = (
			);
			inputFileListPaths = (
				"${PODS_ROOT}/Target Support Files/Pods-golfApp/Pods-golfApp-frameworks-${CONFIGURATION}-input-files.xcfilelist",
			);
			name = "[CP] Embed Pods Frameworks";
			outputFileListPaths = (
				"${PODS_ROOT}/Target Support Files/Pods-golfApp/Pods-golfApp-frameworks-${CONFIGURATION}-output-files.xcfilelist",
			);
			runOnlyForDeploymentPostprocessing = 0;
			shellPath = /bin/sh;
			shellScript = "\"${PODS_ROOT}/Target Support Files/Pods-golfApp/Pods-golfApp-frameworks.sh\"\n";
			showEnvVarsInLog = 0;
		};
/* End PBXShellScriptBuildPhase section */

/* Begin PBXSourcesBuildPhase section */
		523FE02420816E6400EE0E52 /* Sources */ = {
			isa = PBXSourcesBuildPhase;
			buildActionMask = 2147483647;
			files = (
				524AD7DE2283572600CA261E /* Round+CoreDataClass.swift in Sources */,
				5275E44420846572007CA25E /* priorRoundsViewController.swift in Sources */,
				5275E4482084EFC7007CA25E /* RoundDetailViewController.swift in Sources */,
				5275E44620846E38007CA25E /* RoundTableViewCell.swift in Sources */,
				524AD7E02283572600CA261E /* Hole+CoreDataClass.swift in Sources */,
				524AD7DF2283572600CA261E /* Round+CoreDataProperties.swift in Sources */,
				52526ED821C1D4AD00E5AAEB /* Course.swift in Sources */,
				523FE03420816E6500EE0E52 /* golfApp.xcdatamodeld in Sources */,
				5250F707228270DE00F409B4 /* priorRoundHoleViewCell.swift in Sources */,
				523FE02C20816E6400EE0E52 /* AppDelegate.swift in Sources */,
				5275E4122083DC58007CA25E /* endRoundViewController.swift in Sources */,
				523FE0492081878800EE0E52 /* holeViewController.swift in Sources */,
				524AD7E12283572600CA261E /* Hole+CoreDataProperties.swift in Sources */,
				523FE0472081874300EE0E52 /* HomeViewController.swift in Sources */,
			);
			runOnlyForDeploymentPostprocessing = 0;
		};
/* End PBXSourcesBuildPhase section */

/* Begin PBXVariantGroup section */
		523FE02F20816E6400EE0E52 /* Main.storyboard */ = {
			isa = PBXVariantGroup;
			children = (
				523FE03020816E6400EE0E52 /* Base */,
			);
			name = Main.storyboard;
			sourceTree = "<group>";
		};
		523FE03720816E6500EE0E52 /* LaunchScreen.storyboard */ = {
			isa = PBXVariantGroup;
			children = (
				523FE03820816E6500EE0E52 /* Base */,
			);
			name = LaunchScreen.storyboard;
			sourceTree = "<group>";
		};
/* End PBXVariantGroup section */

/* Begin XCBuildConfiguration section */
		523FE03B20816E6500EE0E52 /* Debug */ = {
			isa = XCBuildConfiguration;
			buildSettings = {
				ALWAYS_SEARCH_USER_PATHS = NO;
				CLANG_ANALYZER_NONNULL = YES;
				CLANG_ANALYZER_NUMBER_OBJECT_CONVERSION = YES_AGGRESSIVE;
				CLANG_CXX_LANGUAGE_STANDARD = "gnu++14";
				CLANG_CXX_LIBRARY = "libc++";
				CLANG_ENABLE_MODULES = YES;
				CLANG_ENABLE_OBJC_ARC = YES;
				CLANG_ENABLE_OBJC_WEAK = YES;
				CLANG_WARN_BLOCK_CAPTURE_AUTORELEASING = YES;
				CLANG_WARN_BOOL_CONVERSION = YES;
				CLANG_WARN_COMMA = YES;
				CLANG_WARN_CONSTANT_CONVERSION = YES;
				CLANG_WARN_DEPRECATED_OBJC_IMPLEMENTATIONS = YES;
				CLANG_WARN_DIRECT_OBJC_ISA_USAGE = YES_ERROR;
				CLANG_WARN_DOCUMENTATION_COMMENTS = YES;
				CLANG_WARN_EMPTY_BODY = YES;
				CLANG_WARN_ENUM_CONVERSION = YES;
				CLANG_WARN_INFINITE_RECURSION = YES;
				CLANG_WARN_INT_CONVERSION = YES;
				CLANG_WARN_NON_LITERAL_NULL_CONVERSION = YES;
				CLANG_WARN_OBJC_IMPLICIT_RETAIN_SELF = YES;
				CLANG_WARN_OBJC_LITERAL_CONVERSION = YES;
				CLANG_WARN_OBJC_ROOT_CLASS = YES_ERROR;
				CLANG_WARN_RANGE_LOOP_ANALYSIS = YES;
				CLANG_WARN_STRICT_PROTOTYPES = YES;
				CLANG_WARN_SUSPICIOUS_MOVE = YES;
				CLANG_WARN_UNGUARDED_AVAILABILITY = YES_AGGRESSIVE;
				CLANG_WARN_UNREACHABLE_CODE = YES;
				CLANG_WARN__DUPLICATE_METHOD_MATCH = YES;
				CODE_SIGN_IDENTITY = "iPhone Developer";
				COPY_PHASE_STRIP = NO;
				DEBUG_INFORMATION_FORMAT = dwarf;
				ENABLE_STRICT_OBJC_MSGSEND = YES;
				ENABLE_TESTABILITY = YES;
				GCC_C_LANGUAGE_STANDARD = gnu11;
				GCC_DYNAMIC_NO_PIC = NO;
				GCC_NO_COMMON_BLOCKS = YES;
				GCC_OPTIMIZATION_LEVEL = 0;
				GCC_PREPROCESSOR_DEFINITIONS = (
					"DEBUG=1",
					"$(inherited)",
				);
				GCC_WARN_64_TO_32_BIT_CONVERSION = YES;
				GCC_WARN_ABOUT_RETURN_TYPE = YES_ERROR;
				GCC_WARN_UNDECLARED_SELECTOR = YES;
				GCC_WARN_UNINITIALIZED_AUTOS = YES_AGGRESSIVE;
				GCC_WARN_UNUSED_FUNCTION = YES;
				GCC_WARN_UNUSED_VARIABLE = YES;
				IPHONEOS_DEPLOYMENT_TARGET = 11.3;
				MTL_ENABLE_DEBUG_INFO = YES;
				ONLY_ACTIVE_ARCH = YES;
				SDKROOT = iphoneos;
				SWIFT_ACTIVE_COMPILATION_CONDITIONS = DEBUG;
				SWIFT_OPTIMIZATION_LEVEL = "-Onone";
			};
			name = Debug;
		};
		523FE03C20816E6500EE0E52 /* Release */ = {
			isa = XCBuildConfiguration;
			buildSettings = {
				ALWAYS_SEARCH_USER_PATHS = NO;
				CLANG_ANALYZER_NONNULL = YES;
				CLANG_ANALYZER_NUMBER_OBJECT_CONVERSION = YES_AGGRESSIVE;
				CLANG_CXX_LANGUAGE_STANDARD = "gnu++14";
				CLANG_CXX_LIBRARY = "libc++";
				CLANG_ENABLE_MODULES = YES;
				CLANG_ENABLE_OBJC_ARC = YES;
				CLANG_ENABLE_OBJC_WEAK = YES;
				CLANG_WARN_BLOCK_CAPTURE_AUTORELEASING = YES;
				CLANG_WARN_BOOL_CONVERSION = YES;
				CLANG_WARN_COMMA = YES;
				CLANG_WARN_CONSTANT_CONVERSION = YES;
				CLANG_WARN_DEPRECATED_OBJC_IMPLEMENTATIONS = YES;
				CLANG_WARN_DIRECT_OBJC_ISA_USAGE = YES_ERROR;
				CLANG_WARN_DOCUMENTATION_COMMENTS = YES;
				CLANG_WARN_EMPTY_BODY = YES;
				CLANG_WARN_ENUM_CONVERSION = YES;
				CLANG_WARN_INFINITE_RECURSION = YES;
				CLANG_WARN_INT_CONVERSION = YES;
				CLANG_WARN_NON_LITERAL_NULL_CONVERSION = YES;
				CLANG_WARN_OBJC_IMPLICIT_RETAIN_SELF = YES;
				CLANG_WARN_OBJC_LITERAL_CONVERSION = YES;
				CLANG_WARN_OBJC_ROOT_CLASS = YES_ERROR;
				CLANG_WARN_RANGE_LOOP_ANALYSIS = YES;
				CLANG_WARN_STRICT_PROTOTYPES = YES;
				CLANG_WARN_SUSPICIOUS_MOVE = YES;
				CLANG_WARN_UNGUARDED_AVAILABILITY = YES_AGGRESSIVE;
				CLANG_WARN_UNREACHABLE_CODE = YES;
				CLANG_WARN__DUPLICATE_METHOD_MATCH = YES;
				CODE_SIGN_IDENTITY = "iPhone Developer";
				COPY_PHASE_STRIP = NO;
				DEBUG_INFORMATION_FORMAT = "dwarf-with-dsym";
				ENABLE_NS_ASSERTIONS = NO;
				ENABLE_STRICT_OBJC_MSGSEND = YES;
				GCC_C_LANGUAGE_STANDARD = gnu11;
				GCC_NO_COMMON_BLOCKS = YES;
				GCC_WARN_64_TO_32_BIT_CONVERSION = YES;
				GCC_WARN_ABOUT_RETURN_TYPE = YES_ERROR;
				GCC_WARN_UNDECLARED_SELECTOR = YES;
				GCC_WARN_UNINITIALIZED_AUTOS = YES_AGGRESSIVE;
				GCC_WARN_UNUSED_FUNCTION = YES;
				GCC_WARN_UNUSED_VARIABLE = YES;
				IPHONEOS_DEPLOYMENT_TARGET = 11.3;
				MTL_ENABLE_DEBUG_INFO = NO;
				SDKROOT = iphoneos;
				SWIFT_COMPILATION_MODE = wholemodule;
				SWIFT_OPTIMIZATION_LEVEL = "-O";
				VALIDATE_PRODUCT = YES;
			};
			name = Release;
		};
		523FE03E20816E6500EE0E52 /* Debug */ = {
			isa = XCBuildConfiguration;
			baseConfigurationReference = 5176AB91F72081EDB7600F5E /* Pods-golfApp.debug.xcconfig */;
			buildSettings = {
				ASSETCATALOG_COMPILER_APPICON_NAME = AppIcon;
				CODE_SIGN_STYLE = Automatic;
				DEVELOPMENT_TEAM = S224WD5FPF;
				INFOPLIST_FILE = golfApp/Info.plist;
				IPHONEOS_DEPLOYMENT_TARGET = 11.3;
				LD_RUNPATH_SEARCH_PATHS = (
					"$(inherited)",
					"@executable_path/Frameworks",
				);
				PRODUCT_BUNDLE_IDENTIFIER = com.example.golfApp;
				PRODUCT_NAME = "$(TARGET_NAME)";
				SWIFT_VERSION = 5.0;
				TARGETED_DEVICE_FAMILY = "1,2";
			};
			name = Debug;
		};
		523FE03F20816E6500EE0E52 /* Release */ = {
			isa = XCBuildConfiguration;
			baseConfigurationReference = 36CCEFE9A2835424942E2DEC /* Pods-golfApp.release.xcconfig */;
			buildSettings = {
				ASSETCATALOG_COMPILER_APPICON_NAME = AppIcon;
				CODE_SIGN_STYLE = Automatic;
				DEVELOPMENT_TEAM = S224WD5FPF;
				INFOPLIST_FILE = golfApp/Info.plist;
				IPHONEOS_DEPLOYMENT_TARGET = 11.3;
				LD_RUNPATH_SEARCH_PATHS = (
					"$(inherited)",
					"@executable_path/Frameworks",
				);
				PRODUCT_BUNDLE_IDENTIFIER = com.example.golfApp;
				PRODUCT_NAME = "$(TARGET_NAME)";
				SWIFT_VERSION = 5.0;
				TARGETED_DEVICE_FAMILY = "1,2";
			};
			name = Release;
		};
/* End XCBuildConfiguration section */

/* Begin XCConfigurationList section */
		523FE02320816E6400EE0E52 /* Build configuration list for PBXProject "golfApp" */ = {
			isa = XCConfigurationList;
			buildConfigurations = (
				523FE03B20816E6500EE0E52 /* Debug */,
				523FE03C20816E6500EE0E52 /* Release */,
			);
			defaultConfigurationIsVisible = 0;
			defaultConfigurationName = Release;
		};
		523FE03D20816E6500EE0E52 /* Build configuration list for PBXNativeTarget "golfApp" */ = {
			isa = XCConfigurationList;
			buildConfigurations = (
				523FE03E20816E6500EE0E52 /* Debug */,
				523FE03F20816E6500EE0E52 /* Release */,
			);
			defaultConfigurationIsVisible = 0;
			defaultConfigurationName = Release;
		};
/* End XCConfigurationList section */

/* Begin XCVersionGroup section */
		523FE03220816E6500EE0E52 /* golfApp.xcdatamodeld */ = {
			isa = XCVersionGroup;
			children = (
				523FE03320816E6500EE0E52 /* golfApp.xcdatamodel */,
			);
			currentVersion = 523FE03320816E6500EE0E52 /* golfApp.xcdatamodel */;
			path = golfApp.xcdatamodeld;
			sourceTree = "<group>";
			versionGroupType = wrapper.xcdatamodel;
		};
/* End XCVersionGroup section */
	};
	rootObject = 523FE02020816E6400EE0E52 /* Project object */;
}
